
Microsoft Visual Studio Solution File, Format Version 12.00
# Visual Studio Version 16
VisualStudioVersion = 16.0.32407.337
MinimumVisualStudioVersion = 10.0.40219.1
Project("{6989167D-11E4-40FE-8C1A-2192A86A7E90}") = "BSA", "BSA.vfproj", "{DA0DDA4B-436F-4F32-9664-D89DB5F50096}"
	ProjectSection(ProjectDependencies) = postProject
		{FA4C5412-70FD-4A98-9A97-758D8F0FE907} = {FA4C5412-70FD-4A98-9A97-758D8F0FE907}
	EndProjectSection
EndProject
Project("{6989167D-11E4-40FE-8C1A-2192A86A7E90}") = "BSAlib", "BsaLib\BSAlib.vfproj", "{FA4C5412-70FD-4A98-9A97-758D8F0FE907}"
EndProject
Global
	GlobalSection(SolutionConfigurationPlatforms) = preSolution
		Debug|x64 = Debug|x64
		Debug|x86 = Debug|x86
		MinSizeRel|x64 = MinSizeRel|x64
		MinSizeRel|x86 = MinSizeRel|x86
		Release|x64 = Release|x64
		Release|x86 = Release|x86
		RelWithDebInfo|x64 = RelWithDebInfo|x64
		RelWithDebInfo|x86 = RelWithDebInfo|x86
	EndGlobalSection
	GlobalSection(ProjectConfigurationPlatforms) = postSolution
		{DA0DDA4B-436F-4F32-9664-D89DB5F50096}.Debug|x64.ActiveCfg = Debug|x64
		{DA0DDA4B-436F-4F32-9664-D89DB5F50096}.Debug|x64.Build.0 = Debug|x64
		{DA0DDA4B-436F-4F32-9664-D89DB5F50096}.Debug|x86.ActiveCfg = Debug|Win32
		{DA0DDA4B-436F-4F32-9664-D89DB5F50096}.Debug|x86.Build.0 = Debug|Win32
		{DA0DDA4B-436F-4F32-9664-D89DB5F50096}.MinSizeRel|x64.ActiveCfg = Release|x64
		{DA0DDA4B-436F-4F32-9664-D89DB5F50096}.MinSizeRel|x86.ActiveCfg = Release|Win32
		{DA0DDA4B-436F-4F32-9664-D89DB5F50096}.Release|x64.ActiveCfg = Release|x64
		{DA0DDA4B-436F-4F32-9664-D89DB5F50096}.Release|x64.Build.0 = Release|x64
		{DA0DDA4B-436F-4F32-9664-D89DB5F50096}.Release|x86.ActiveCfg = Release|Win32
		{DA0DDA4B-436F-4F32-9664-D89DB5F50096}.Release|x86.Build.0 = Release|Win32
		{DA0DDA4B-436F-4F32-9664-D89DB5F50096}.RelWithDebInfo|x64.ActiveCfg = Release|x64
		{DA0DDA4B-436F-4F32-9664-D89DB5F50096}.RelWithDebInfo|x86.ActiveCfg = Release|Win32
		{FA4C5412-70FD-4A98-9A97-758D8F0FE907}.Debug|x64.ActiveCfg = Debug|x64
		{FA4C5412-70FD-4A98-9A97-758D8F0FE907}.Debug|x64.Build.0 = Debug|x64
		{FA4C5412-70FD-4A98-9A97-758D8F0FE907}.Debug|x86.ActiveCfg = Debug|Win32
		{FA4C5412-70FD-4A98-9A97-758D8F0FE907}.MinSizeRel|x64.ActiveCfg = Release|x64
		{FA4C5412-70FD-4A98-9A97-758D8F0FE907}.MinSizeRel|x86.ActiveCfg = Release|Win32
		{FA4C5412-70FD-4A98-9A97-758D8F0FE907}.Release|x64.ActiveCfg = Release|x64
		{FA4C5412-70FD-4A98-9A97-758D8F0FE907}.Release|x64.Build.0 = Release|x64
		{FA4C5412-70FD-4A98-9A97-758D8F0FE907}.Release|x86.ActiveCfg = Release|Win32
		{FA4C5412-70FD-4A98-9A97-758D8F0FE907}.Release|x86.Build.0 = Release|Win32
		{FA4C5412-70FD-4A98-9A97-758D8F0FE907}.RelWithDebInfo|x64.ActiveCfg = Release|x64
		{FA4C5412-70FD-4A98-9A97-758D8F0FE907}.RelWithDebInfo|x86.ActiveCfg = Release|Win32
	EndGlobalSection
	GlobalSection(SolutionProperties) = preSolution
		HideSolutionNode = FALSE
	EndGlobalSection
	GlobalSection(ExtensibilityGlobals) = postSolution
		SolutionGuid = {44B5D54D-AEDB-4A2B-A1FD-1A1D86279723}
	EndGlobalSection
EndGlobal
